
Microsoft Visual Studio Solution File, Format Version 12.00
# Visual Studio 2013
VisualStudioVersion = 12.0.30501.0
MinimumVisualStudioVersion = 10.0.40219.1
Project("{2150E333-8FDC-42A3-9474-1A3956D46DE8}") = "FrigoApp", "FrigoApp", "{E8772C2B-0581-42AA-BF10-F1FABAD52993}"
EndProject
Project("{D954291E-2A0B-460D-934E-DC6B0785DB48}") = "FrigoApp.Shared", "FrigoApp\FrigoApp.Shared\FrigoApp.Shared.shproj", "{E02A2BCB-6E46-48FD-8977-A86DAAF90B01}"
EndProject
Project("{FAE04EC0-301F-11D3-BF4B-00C04F79EFBC}") = "FrigoApp.Windows", "FrigoApp\FrigoApp.Windows\FrigoApp.Windows.csproj", "{12C0FE17-331D-4D4F-801A-CFF21495A4CA}"
EndProject
Project("{FAE04EC0-301F-11D3-BF4B-00C04F79EFBC}") = "FrigoApp.WindowsPhone", "FrigoApp\FrigoApp.WindowsPhone\FrigoApp.WindowsPhone.csproj", "{42FAAC2C-3BF2-4E82-8C1B-51766C263CF0}"
EndProject
Project("{FAE04EC0-301F-11D3-BF4B-00C04F79EFBC}") = "BackgroundAgent", "BackgroundAgent\BackgroundAgent.csproj", "{A5F42A3E-6F6C-4997-AB5E-1AD529C9C33F}"
EndProject
Global
	GlobalSection(SharedMSBuildProjectFiles) = preSolution
		FrigoApp\FrigoApp.Shared\FrigoApp.Shared.projitems*{12c0fe17-331d-4d4f-801a-cff21495a4ca}*SharedItemsImports = 4
		FrigoApp\FrigoApp.Shared\FrigoApp.Shared.projitems*{e02a2bcb-6e46-48fd-8977-a86daaf90b01}*SharedItemsImports = 13
		FrigoApp\FrigoApp.Shared\FrigoApp.Shared.projitems*{42faac2c-3bf2-4e82-8c1b-51766c263cf0}*SharedItemsImports = 4
	EndGlobalSection
	GlobalSection(SolutionConfigurationPlatforms) = preSolution
		Debug|Any CPU = Debug|Any CPU
		Debug|ARM = Debug|ARM
		Debug|x64 = Debug|x64
		Debug|x86 = Debug|x86
		Release|Any CPU = Release|Any CPU
		Release|ARM = Release|ARM
		Release|x64 = Release|x64
		Release|x86 = Release|x86
	EndGlobalSection
	GlobalSection(ProjectConfigurationPlatforms) = postSolution
		{12C0FE17-331D-4D4F-801A-CFF21495A4CA}.Debug|Any CPU.ActiveCfg = Debug|Any CPU
		{12C0FE17-331D-4D4F-801A-CFF21495A4CA}.Debug|Any CPU.Build.0 = Debug|Any CPU
		{12C0FE17-331D-4D4F-801A-CFF21495A4CA}.Debug|Any CPU.Deploy.0 = Debug|Any CPU
		{12C0FE17-331D-4D4F-801A-CFF21495A4CA}.Debug|ARM.ActiveCfg = Debug|ARM
		{12C0FE17-331D-4D4F-801A-CFF21495A4CA}.Debug|ARM.Build.0 = Debug|ARM
		{12C0FE17-331D-4D4F-801A-CFF21495A4CA}.Debug|ARM.Deploy.0 = Debug|ARM
		{12C0FE17-331D-4D4F-801A-CFF21495A4CA}.Debug|x64.ActiveCfg = Debug|x64
		{12C0FE17-331D-4D4F-801A-CFF21495A4CA}.Debug|x64.Build.0 = Debug|x64
		{12C0FE17-331D-4D4F-801A-CFF21495A4CA}.Debug|x64.Deploy.0 = Debug|x64
		{12C0FE17-331D-4D4F-801A-CFF21495A4CA}.Debug|x86.ActiveCfg = Debug|x86
		{12C0FE17-331D-4D4F-801A-CFF21495A4CA}.Debug|x86.Build.0 = Debug|x86
		{12C0FE17-331D-4D4F-801A-CFF21495A4CA}.Debug|x86.Deploy.0 = Debug|x86
		{12C0FE17-331D-4D4F-801A-CFF21495A4CA}.Release|Any CPU.ActiveCfg = Release|Any CPU
		{12C0FE17-331D-4D4F-801A-CFF21495A4CA}.Release|Any CPU.Build.0 = Release|Any CPU
		{12C0FE17-331D-4D4F-801A-CFF21495A4CA}.Release|Any CPU.Deploy.0 = Release|Any CPU
		{12C0FE17-331D-4D4F-801A-CFF21495A4CA}.Release|ARM.ActiveCfg = Release|ARM
		{12C0FE17-331D-4D4F-801A-CFF21495A4CA}.Release|ARM.Build.0 = Release|ARM
		{12C0FE17-331D-4D4F-801A-CFF21495A4CA}.Release|ARM.Deploy.0 = Release|ARM
		{12C0FE17-331D-4D4F-801A-CFF21495A4CA}.Release|x64.ActiveCfg = Release|x64
		{12C0FE17-331D-4D4F-801A-CFF21495A4CA}.Release|x64.Build.0 = Release|x64
		{12C0FE17-331D-4D4F-801A-CFF21495A4CA}.Release|x64.Deploy.0 = Release|x64
		{12C0FE17-331D-4D4F-801A-CFF21495A4CA}.Release|x86.ActiveCfg = Release|x86
		{12C0FE17-331D-4D4F-801A-CFF21495A4CA}.Release|x86.Build.0 = Release|x86
		{12C0FE17-331D-4D4F-801A-CFF21495A4CA}.Release|x86.Deploy.0 = Release|x86
		{42FAAC2C-3BF2-4E82-8C1B-51766C263CF0}.Debug|Any CPU.ActiveCfg = Debug|Any CPU
		{42FAAC2C-3BF2-4E82-8C1B-51766C263CF0}.Debug|Any CPU.Build.0 = Debug|Any CPU
		{42FAAC2C-3BF2-4E82-8C1B-51766C263CF0}.Debug|Any CPU.Deploy.0 = Debug|Any CPU
		{42FAAC2C-3BF2-4E82-8C1B-51766C263CF0}.Debug|ARM.ActiveCfg = Debug|ARM
		{42FAAC2C-3BF2-4E82-8C1B-51766C263CF0}.Debug|ARM.Build.0 = Debug|ARM
		{42FAAC2C-3BF2-4E82-8C1B-51766C263CF0}.Debug|ARM.Deploy.0 = Debug|ARM
		{42FAAC2C-3BF2-4E82-8C1B-51766C263CF0}.Debug|x64.ActiveCfg = Debug|Any CPU
		{42FAAC2C-3BF2-4E82-8C1B-51766C263CF0}.Debug|x64.Build.0 = Debug|Any CPU
		{42FAAC2C-3BF2-4E82-8C1B-51766C263CF0}.Debug|x64.Deploy.0 = Debug|Any CPU
		{42FAAC2C-3BF2-4E82-8C1B-51766C263CF0}.Debug|x86.ActiveCfg = Debug|x86
		{42FAAC2C-3BF2-4E82-8C1B-51766C263CF0}.Debug|x86.Build.0 = Debug|x86
		{42FAAC2C-3BF2-4E82-8C1B-51766C263CF0}.Debug|x86.Deploy.0 = Debug|x86
		{42FAAC2C-3BF2-4E82-8C1B-51766C263CF0}.Release|Any CPU.ActiveCfg = Release|Any CPU
		{42FAAC2C-3BF2-4E82-8C1B-51766C263CF0}.Release|Any CPU.Build.0 = Release|Any CPU
		{42FAAC2C-3BF2-4E82-8C1B-51766C263CF0}.Release|Any CPU.Deploy.0 = Release|Any CPU
		{42FAAC2C-3BF2-4E82-8C1B-51766C263CF0}.Release|ARM.ActiveCfg = Release|ARM
		{42FAAC2C-3BF2-4E82-8C1B-51766C263CF0}.Release|ARM.Build.0 = Release|ARM
		{42FAAC2C-3BF2-4E82-8C1B-51766C263CF0}.Release|ARM.Deploy.0 = Release|ARM
		{42FAAC2C-3BF2-4E82-8C1B-51766C263CF0}.Release|x64.ActiveCfg = Release|Any CPU
		{42FAAC2C-3BF2-4E82-8C1B-51766C263CF0}.Release|x64.Build.0 = Release|Any CPU
		{42FAAC2C-3BF2-4E82-8C1B-51766C263CF0}.Release|x64.Deploy.0 = Release|Any CPU
		{42FAAC2C-3BF2-4E82-8C1B-51766C263CF0}.Release|x86.ActiveCfg = Release|x86
		{42FAAC2C-3BF2-4E82-8C1B-51766C263CF0}.Release|x86.Build.0 = Release|x86
		{42FAAC2C-3BF2-4E82-8C1B-51766C263CF0}.Release|x86.Deploy.0 = Release|x86
		{A5F42A3E-6F6C-4997-AB5E-1AD529C9C33F}.Debug|Any CPU.ActiveCfg = Debug|Any CPU
		{A5F42A3E-6F6C-4997-AB5E-1AD529C9C33F}.Debug|Any CPU.Build.0 = Debug|Any CPU
		{A5F42A3E-6F6C-4997-AB5E-1AD529C9C33F}.Debug|ARM.ActiveCfg = Debug|Any CPU
		{A5F42A3E-6F6C-4997-AB5E-1AD529C9C33F}.Debug|x64.ActiveCfg = Debug|Any CPU
		{A5F42A3E-6F6C-4997-AB5E-1AD529C9C33F}.Debug|x86.ActiveCfg = Debug|Any CPU
		{A5F42A3E-6F6C-4997-AB5E-1AD529C9C33F}.Release|Any CPU.ActiveCfg = Release|Any CPU
		{A5F42A3E-6F6C-4997-AB5E-1AD529C9C33F}.Release|Any CPU.Build.0 = Release|Any CPU
		{A5F42A3E-6F6C-4997-AB5E-1AD529C9C33F}.Release|ARM.ActiveCfg = Release|Any CPU
		{A5F42A3E-6F6C-4997-AB5E-1AD529C9C33F}.Release|x64.ActiveCfg = Release|Any CPU
		{A5F42A3E-6F6C-4997-AB5E-1AD529C9C33F}.Release|x86.ActiveCfg = Release|Any CPU
	EndGlobalSection
	GlobalSection(SolutionProperties) = preSolution
		HideSolutionNode = FALSE
	EndGlobalSection
	GlobalSection(NestedProjects) = preSolution
		{E02A2BCB-6E46-48FD-8977-A86DAAF90B01} = {E8772C2B-0581-42AA-BF10-F1FABAD52993}
		{12C0FE17-331D-4D4F-801A-CFF21495A4CA} = {E8772C2B-0581-42AA-BF10-F1FABAD52993}
		{42FAAC2C-3BF2-4E82-8C1B-51766C263CF0} = {E8772C2B-0581-42AA-BF10-F1FABAD52993}
	EndGlobalSection
EndGlobal
